// !$*UTF8*$!
{
	archiveVersion = 1;
	classes = {
	};
	objectVersion = 46;
	objects = {

/* Begin PBXBuildFile section */
		1A2CAAC518CBE4B20038FD74 /* main.cpp in Sources */ = {isa = PBXBuildFile; fileRef = 1A2CAAC418CBE4B20038FD74 /* main.cpp */; };
		1A2CAAD218CBE59E0038FD74 /* InitShader.cpp in Sources */ = {isa = PBXBuildFile; fileRef = 1A2CAAD118CBE59E0038FD74 /* InitShader.cpp */; };
		1A2CAAD418CBE5DC0038FD74 /* OpenGL.framework in Frameworks */ = {isa = PBXBuildFile; fileRef = 1A2CAAD318CBE5DC0038FD74 /* OpenGL.framework */; };
		1A2CAAD618CBE5E00038FD74 /* GLUT.framework in Frameworks */ = {isa = PBXBuildFile; fileRef = 1A2CAAD518CBE5E00038FD74 /* GLUT.framework */; };
		1A2CAADA18CBE6260038FD74 /* fshader.glsl in CopyFiles */ = {isa = PBXBuildFile; fileRef = 1A2CAAD718CBE6020038FD74 /* fshader.glsl */; };
		1A2CAADB18CBE6260038FD74 /* vshader.glsl in CopyFiles */ = {isa = PBXBuildFile; fileRef = 1A2CAAD818CBE6020038FD74 /* vshader.glsl */; };
/* End PBXBuildFile section */

/* Begin PBXCopyFilesBuildPhase section */
		1A2CAAD918CBE6200038FD74 /* CopyFiles */ = {
			isa = PBXCopyFilesBuildPhase;
			buildActionMask = 2147483647;
			dstPath = "";
			dstSubfolderSpec = 7;
			files = (
				1A2CAADA18CBE6260038FD74 /* fshader.glsl in CopyFiles */,
				1A2CAADB18CBE6260038FD74 /* vshader.glsl in CopyFiles */,
			);
			runOnlyForDeploymentPostprocessing = 0;
		};
/* End PBXCopyFilesBuildPhase section */

/* Begin PBXFileReference section */
		1A2CAAC118CBE4B20038FD74 /* robotic-arm */ = {isa = PBXFileReference; explicitFileType = "compiled.mach-o.executable"; includeInIndex = 0; path = "robotic-arm"; sourceTree = BUILT_PRODUCTS_DIR; };
		1A2CAAC418CBE4B20038FD74 /* main.cpp */ = {isa = PBXFileReference; lastKnownFileType = sourcecode.cpp.cpp; path = main.cpp; sourceTree = "<group>"; };
		1A2CAACD18CBE53F0038FD74 /* Angel.h */ = {isa = PBXFileReference; lastKnownFileType = sourcecode.c.h; path = Angel.h; sourceTree = "<group>"; };
		1A2CAACE18CBE56D0038FD74 /* mat.h */ = {isa = PBXFileReference; lastKnownFileType = sourcecode.c.h; path = mat.h; sourceTree = "<group>"; };
		1A2CAACF18CBE56D0038FD74 /* vec.h */ = {isa = PBXFileReference; lastKnownFileType = sourcecode.c.h; path = vec.h; sourceTree = "<group>"; };
		1A2CAAD118CBE59E0038FD74 /* InitShader.cpp */ = {isa = PBXFileReference; fileEncoding = 4; lastKnownFileType = sourcecode.cpp.cpp; path = InitShader.cpp; sourceTree = "<group>"; };
		1A2CAAD318CBE5DC0038FD74 /* OpenGL.framework */ = {isa = PBXFileReference; lastKnownFileType = wrapper.framework; name = OpenGL.framework; path = System/Library/Frameworks/OpenGL.framework; sourceTree = SDKROOT; };
		1A2CAAD518CBE5E00038FD74 /* GLUT.framework */ = {isa = PBXFileReference; lastKnownFileType = wrapper.framework; name = GLUT.framework; path = System/Library/Frameworks/GLUT.framework; sourceTree = SDKROOT; };
		1A2CAAD718CBE6020038FD74 /* fshader.glsl */ = {isa = PBXFileReference; lastKnownFileType = text; path = fshader.glsl; sourceTree = "<group>"; };
		1A2CAAD818CBE6020038FD74 /* vshader.glsl */ = {isa = PBXFileReference; lastKnownFileType = text; path = vshader.glsl; sourceTree = "<group>"; };
/* End PBXFileReference section */

/* Begin PBXFrameworksBuildPhase section */
		1A2CAABE18CBE4B20038FD74 /* Frameworks */ = {
			isa = PBXFrameworksBuildPhase;
			buildActionMask = 2147483647;
			files = (
				1A2CAAD618CBE5E00038FD74 /* GLUT.framework in Frameworks */,
				1A2CAAD418CBE5DC0038FD74 /* OpenGL.framework in Frameworks */,
			);
			runOnlyForDeploymentPostprocessing = 0;
		};
/* End PBXFrameworksBuildPhase section */

/* Begin PBXGroup section */
		1A2CAAB818CBE4B20038FD74 = {
			isa = PBXGroup;
			children = (
				1A2CAAD518CBE5E00038FD74 /* GLUT.framework */,
				1A2CAAD318CBE5DC0038FD74 /* OpenGL.framework */,
				1A2CAAC318CBE4B20038FD74 /* robotic-arm */,
				1A2CAAC218CBE4B20038FD74 /* Products */,
			);
			sourceTree = "<group>";
		};
		1A2CAAC218CBE4B20038FD74 /* Products */ = {
			isa = PBXGroup;
			children = (
				1A2CAAC118CBE4B20038FD74 /* robotic-arm */,
			);
			name = Products;
			sourceTree = "<group>";
		};
		1A2CAAC318CBE4B20038FD74 /* robotic-arm */ = {
			isa = PBXGroup;
			children = (
				1A2CAAC418CBE4B20038FD74 /* main.cpp */,
				1A2CAAD118CBE59E0038FD74 /* InitShader.cpp */,
				1A2CAAD718CBE6020038FD74 /* fshader.glsl */,
				1A2CAAD818CBE6020038FD74 /* vshader.glsl */,
				1A2CAAD018CBE56F0038FD74 /* Headers */,
			);
			path = "robotic-arm";
			sourceTree = "<group>";
		};
		1A2CAAD018CBE56F0038FD74 /* Headers */ = {
			isa = PBXGroup;
			children = (
				1A2CAACD18CBE53F0038FD74 /* Angel.h */,
				1A2CAACE18CBE56D0038FD74 /* mat.h */,
				1A2CAACF18CBE56D0038FD74 /* vec.h */,
			);
			name = Headers;
			sourceTree = "<group>";
		};
/* End PBXGroup section */

/* Begin PBXNativeTarget section */
		1A2CAAC018CBE4B20038FD74 /* robotic-arm */ = {
			isa = PBXNativeTarget;
			buildConfigurationList = 1A2CAACA18CBE4B20038FD74 /* Build configuration list for PBXNativeTarget "robotic-arm" */;
			buildPhases = (
				1A2CAABD18CBE4B20038FD74 /* Sources */,
				1A2CAABE18CBE4B20038FD74 /* Frameworks */,
				1A2CAAD918CBE6200038FD74 /* CopyFiles */,
			);
			buildRules = (
			);
			dependencies = (
			);
			name = "robotic-arm";
			productName = "robotic-arm";
			productReference = 1A2CAAC118CBE4B20038FD74 /* robotic-arm */;
			productType = "com.apple.product-type.tool";
		};
/* End PBXNativeTarget section */

/* Begin PBXProject section */
		1A2CAAB918CBE4B20038FD74 /* Project object */ = {
			isa = PBXProject;
			attributes = {
				LastUpgradeCheck = 0510;
				ORGANIZATIONNAME = Xhacker;
			};
			buildConfigurationList = 1A2CAABC18CBE4B20038FD74 /* Build configuration list for PBXProject "robotic-arm" */;
			compatibilityVersion = "Xcode 3.2";
			developmentRegion = English;
			hasScannedForEncodings = 0;
			knownRegions = (
				en,
			);
			mainGroup = 1A2CAAB818CBE4B20038FD74;
			productRefGroup = 1A2CAAC218CBE4B20038FD74 /* Products */;
			projectDirPath = "";
			projectRoot = "";
			targets = (
				1A2CAAC018CBE4B20038FD74 /* robotic-arm */,
			);
		};
/* End PBXProject section */

/* Begin PBXSourcesBuildPhase section */
		1A2CAABD18CBE4B20038FD74 /* Sources */ = {
			isa = PBXSourcesBuildPhase;
			buildActionMask = 2147483647;
			files = (
				1A2CAAD218CBE59E0038FD74 /* InitShader.cpp in Sources */,
				1A2CAAC518CBE4B20038FD74 /* main.cpp in Sources */,
			);
			runOnlyForDeploymentPostprocessing = 0;
		};
/* End PBXSourcesBuildPhase section */

/* Begin XCBuildConfiguration section */
		1A2CAAC818CBE4B20038FD74 /* Debug */ = {
			isa = XCBuildConfiguration;
			buildSettings = {
				ALWAYS_SEARCH_USER_PATHS = NO;
				CLANG_CXX_LANGUAGE_STANDARD = "gnu++0x";
				CLANG_CXX_LIBRARY = "libc++";
				CLANG_ENABLE_MODULES = YES;
				CLANG_ENABLE_OBJC_ARC = YES;
				CLANG_WARN_BOOL_CONVERSION = YES;
				CLANG_WARN_CONSTANT_CONVERSION = YES;
				CLANG_WARN_DIRECT_OBJC_ISA_USAGE = YES_ERROR;
				CLANG_WARN_EMPTY_BODY = YES;
				CLANG_WARN_ENUM_CONVERSION = YES;
				CLANG_WARN_INT_CONVERSION = YES;
				CLANG_WARN_OBJC_ROOT_CLASS = YES_ERROR;
				CLANG_WARN__DUPLICATE_METHOD_MATCH = YES;
				COPY_PHASE_STRIP = NO;
				GCC_C_LANGUAGE_STANDARD = gnu99;
				GCC_DYNAMIC_NO_PIC = NO;
				GCC_ENABLE_OBJC_EXCEPTIONS = YES;
				GCC_OPTIMIZATION_LEVEL = 0;
				GCC_PREPROCESSOR_DEFINITIONS = (
					"DEBUG=1",
					"$(inherited)",
				);
				GCC_SYMBOLS_PRIVATE_EXTERN = NO;
				GCC_WARN_64_TO_32_BIT_CONVERSION = YES;
				GCC_WARN_ABOUT_RETURN_TYPE = YES_ERROR;
				GCC_WARN_UNDECLARED_SELECTOR = YES;
				GCC_WARN_UNINITIALIZED_AUTOS = YES_AGGRESSIVE;
				GCC_WARN_UNUSED_FUNCTION = YES;
				GCC_WARN_UNUSED_VARIABLE = YES;
				MACOSX_DEPLOYMENT_TARGET = 10.9;
				ONLY_ACTIVE_ARCH = YES;
				SDKROOT = macosx;
			};
			name = Debug;
		};
		1A2CAAC918CBE4B20038FD74 /* Release */ = {
			isa = XCBuildConfiguration;
			buildSettings = {
				ALWAYS_SEARCH_USER_PATHS = NO;
				CLANG_CXX_LANGUAGE_STANDARD = "gnu++0x";
				CLANG_CXX_LIBRARY = "libc++";
				CLANG_ENABLE_MODULES = YES;
				CLANG_ENABLE_OBJC_ARC = YES;
				CLANG_WARN_BOOL_CONVERSION = YES;
				CLANG_WARN_CONSTANT_CONVERSION = YES;
				CLANG_WARN_DIRECT_OBJC_ISA_USAGE = YES_ERROR;
				CLANG_WARN_EMPTY_BODY = YES;
				CLANG_WARN_ENUM_CONVERSION = YES;
				CLANG_WARN_INT_CONVERSION = YES;
				CLANG_WARN_OBJC_ROOT_CLASS = YES_ERROR;
				CLANG_WARN__DUPLICATE_METHOD_MATCH = YES;
				COPY_PHASE_STRIP = YES;
				DEBUG_INFORMATION_FORMAT = "dwarf-with-dsym";
				ENABLE_NS_ASSERTIONS = NO;
				GCC_C_LANGUAGE_STANDARD = gnu99;
				GCC_ENABLE_OBJC_EXCEPTIONS = YES;
				GCC_WARN_64_TO_32_BIT_CONVERSION = YES;
				GCC_WARN_ABOUT_RETURN_TYPE = YES_ERROR;
				GCC_WARN_UNDECLARED_SELECTOR = YES;
				GCC_WARN_UNINITIALIZED_AUTOS = YES_AGGRESSIVE;
				GCC_WARN_UNUSED_FUNCTION = YES;
				GCC_WARN_UNUSED_VARIABLE = YES;
				MACOSX_DEPLOYMENT_TARGET = 10.9;
				SDKROOT = macosx;
			};
			name = Release;
		};
		1A2CAACB18CBE4B20038FD74 /* Debug */ = {
			isa = XCBuildConfiguration;
			buildSettings = {
				GCC_WARN_ABOUT_DEPRECATED_FUNCTIONS = NO;
				PRODUCT_NAME = "$(TARGET_NAME)";
			};
			name = Debug;
		};
		1A2CAACC18CBE4B20038FD74 /* Release */ = {
			isa = XCBuildConfiguration;
			buildSettings = {
				GCC_WARN_ABOUT_DEPRECATED_FUNCTIONS = NO;
				PRODUCT_NAME = "$(TARGET_NAME)";
			};
			name = Release;
		};
/* End XCBuildConfiguration section */

/* Begin XCConfigurationList section */
		1A2CAABC18CBE4B20038FD74 /* Build configuration list for PBXProject "robotic-arm" */ = {
			isa = XCConfigurationList;
			buildConfigurations = (
				1A2CAAC818CBE4B20038FD74 /* Debug */,
				1A2CAAC918CBE4B20038FD74 /* Release */,
			);
			defaultConfigurationIsVisible = 0;
			defaultConfigurationName = Release;
		};
		1A2CAACA18CBE4B20038FD74 /* Build configuration list for PBXNativeTarget "robotic-arm" */ = {
			isa = XCConfigurationList;
			buildConfigurations = (
				1A2CAACB18CBE4B20038FD74 /* Debug */,
				1A2CAACC18CBE4B20038FD74 /* Release */,
			);
			defaultConfigurationIsVisible = 0;
		};
/* End XCConfigurationList section */
	};
	rootObject = 1A2CAAB918CBE4B20038FD74 /* Project object */;
}
